
Microsoft Visual Studio Solution File, Format Version 12.00
# Visual Studio Version 17
VisualStudioVersion = 17.0.31903.59
MinimumVisualStudioVersion = 10.0.40219.1
Project("{2150E333-8FDC-42A3-9474-1A3956D46DE8}") = "Core", "Core", "{3F6B3EE5-36EA-48D1-BC29-BF7DE031BECC}"
EndProject
Project("{9A19103F-16F7-4668-BE54-9A1E7A4F7556}") = "SmartEdu.Core", "Core\SmartEdu.Core\SmartEdu.Core.csproj", "{29EF5427-405A-409B-B8D6-33DEF665CB72}"
EndProject
Project("{2150E333-8FDC-42A3-9474-1A3956D46DE8}") = "Services", "Services", "{C038346F-8B35-4837-9AB8-2F65B49B7205}"
EndProject
Project("{9A19103F-16F7-4668-BE54-9A1E7A4F7556}") = "SmartEdu.ApiGateway", "Services\SmartEdu.ApiGateway\SmartEdu.ApiGateway.csproj", "{83C7F154-9975-415D-8E9F-96F17AAC99DE}"
EndProject
Project("{9A19103F-16F7-4668-BE54-9A1E7A4F7556}") = "SmartEdu.SDT.Api", "Services\SmartEdu.SDT.Api\SmartEdu.SDT.Api.csproj", "{D04D892B-75B6-45F1-BB61-FAA85172F0D3}"
EndProject
Project("{9A19103F-16F7-4668-BE54-9A1E7A4F7556}") = "SmartEdu.SEN.Api", "Services\SmartEdu.SEN.Api\SmartEdu.SEN.Api.csproj", "{0CEB0E25-E91A-4BD2-A4F7-FA7C2E96E635}"
EndProject
Project("{2150E333-8FDC-42A3-9474-1A3956D46DE8}") = "Framework", "Framework", "{E422C2D7-DFE3-4C74-95E2-D82CE029A2ED}"
EndProject
Project("{FAE04EC0-301F-11D3-BF4B-00C04F79EFBC}") = "SmartEdu.Framework", "Framework\SmartEdu.Framework\SmartEdu.Framework.csproj", "{59C82578-43DE-4A99-A4AA-C5617D0639FF}"
EndProject
Project("{2150E333-8FDC-42A3-9474-1A3956D46DE8}") = "Solution Items", "Solution Items", "{53914529-85EC-4AE0-AC11-85DE5CA8211D}"
EndProject
Project("{2150E333-8FDC-42A3-9474-1A3956D46DE8}") = "Shared", "Shared", "{E1780A61-F063-4A35-8EDA-F6FB3F3F6C80}"
EndProject
Project("{FAE04EC0-301F-11D3-BF4B-00C04F79EFBC}") = "SmartEdu.Common", "Solution Items\Shared\SmartEdu.Common\SmartEdu.Common.csproj", "{F8690288-86AE-4786-892E-EA4337255DA5}"
EndProject
Project("{FAE04EC0-301F-11D3-BF4B-00C04F79EFBC}") = "SmartEdu.Validations", "Solution Items\Shared\SmartEdu.Validations\SmartEdu.Validations.csproj", "{5A3108BB-BF83-48F4-A173-8C597C3496EB}"
EndProject
Project("{FAE04EC0-301F-11D3-BF4B-00C04F79EFBC}") = "SmartEdu.Dto", "Solution Items\Shared\SmartEdu.Dto\SmartEdu.Dto.csproj", "{A41D4CB8-802C-4632-B618-2F2FD822521A}"
EndProject
Project("{FAE04EC0-301F-11D3-BF4B-00C04F79EFBC}") = "SmartEdu.Core.Contracts", "Core\SmartEdu.Core.Contracts\SmartEdu.Core.Contracts.csproj", "{B35789BA-5B44-4C70-86C2-5D2DEDFC59F1}"
EndProject
Project("{FAE04EC0-301F-11D3-BF4B-00C04F79EFBC}") = "SmartEdu.Data.Contracts", "Core\SmartEdu.Data.Contracts\SmartEdu.Data.Contracts.csproj", "{71260F15-484F-496D-A684-2701CD289A87}"
EndProject
Project("{FAE04EC0-301F-11D3-BF4B-00C04F79EFBC}") = "SmartEdu.Data", "Core\SmartEdu.Data\SmartEdu.Data.csproj", "{DC566302-DFD7-4A53-88E8-99141FB71ACE}"
EndProject
Global
	GlobalSection(SolutionConfigurationPlatforms) = preSolution
		Debug|Any CPU = Debug|Any CPU
		Release|Any CPU = Release|Any CPU
	EndGlobalSection
	GlobalSection(ProjectConfigurationPlatforms) = postSolution
		{29EF5427-405A-409B-B8D6-33DEF665CB72}.Debug|Any CPU.ActiveCfg = Debug|Any CPU
		{29EF5427-405A-409B-B8D6-33DEF665CB72}.Debug|Any CPU.Build.0 = Debug|Any CPU
		{29EF5427-405A-409B-B8D6-33DEF665CB72}.Release|Any CPU.ActiveCfg = Release|Any CPU
		{29EF5427-405A-409B-B8D6-33DEF665CB72}.Release|Any CPU.Build.0 = Release|Any CPU
		{83C7F154-9975-415D-8E9F-96F17AAC99DE}.Debug|Any CPU.ActiveCfg = Debug|Any CPU
		{83C7F154-9975-415D-8E9F-96F17AAC99DE}.Debug|Any CPU.Build.0 = Debug|Any CPU
		{83C7F154-9975-415D-8E9F-96F17AAC99DE}.Release|Any CPU.ActiveCfg = Release|Any CPU
		{83C7F154-9975-415D-8E9F-96F17AAC99DE}.Release|Any CPU.Build.0 = Release|Any CPU
		{D04D892B-75B6-45F1-BB61-FAA85172F0D3}.Debug|Any CPU.ActiveCfg = Debug|Any CPU
		{D04D892B-75B6-45F1-BB61-FAA85172F0D3}.Debug|Any CPU.Build.0 = Debug|Any CPU
		{D04D892B-75B6-45F1-BB61-FAA85172F0D3}.Release|Any CPU.ActiveCfg = Release|Any CPU
		{D04D892B-75B6-45F1-BB61-FAA85172F0D3}.Release|Any CPU.Build.0 = Release|Any CPU
		{0CEB0E25-E91A-4BD2-A4F7-FA7C2E96E635}.Debug|Any CPU.ActiveCfg = Debug|Any CPU
		{0CEB0E25-E91A-4BD2-A4F7-FA7C2E96E635}.Debug|Any CPU.Build.0 = Debug|Any CPU
		{0CEB0E25-E91A-4BD2-A4F7-FA7C2E96E635}.Release|Any CPU.ActiveCfg = Release|Any CPU
		{0CEB0E25-E91A-4BD2-A4F7-FA7C2E96E635}.Release|Any CPU.Build.0 = Release|Any CPU
		{59C82578-43DE-4A99-A4AA-C5617D0639FF}.Debug|Any CPU.ActiveCfg = Debug|Any CPU
		{59C82578-43DE-4A99-A4AA-C5617D0639FF}.Debug|Any CPU.Build.0 = Debug|Any CPU
		{59C82578-43DE-4A99-A4AA-C5617D0639FF}.Release|Any CPU.ActiveCfg = Release|Any CPU
		{59C82578-43DE-4A99-A4AA-C5617D0639FF}.Release|Any CPU.Build.0 = Release|Any CPU
		{F8690288-86AE-4786-892E-EA4337255DA5}.Debug|Any CPU.ActiveCfg = Debug|Any CPU
		{F8690288-86AE-4786-892E-EA4337255DA5}.Debug|Any CPU.Build.0 = Debug|Any CPU
		{F8690288-86AE-4786-892E-EA4337255DA5}.Release|Any CPU.ActiveCfg = Release|Any CPU
		{F8690288-86AE-4786-892E-EA4337255DA5}.Release|Any CPU.Build.0 = Release|Any CPU
		{5A3108BB-BF83-48F4-A173-8C597C3496EB}.Debug|Any CPU.ActiveCfg = Debug|Any CPU
		{5A3108BB-BF83-48F4-A173-8C597C3496EB}.Debug|Any CPU.Build.0 = Debug|Any CPU
		{5A3108BB-BF83-48F4-A173-8C597C3496EB}.Release|Any CPU.ActiveCfg = Release|Any CPU
		{5A3108BB-BF83-48F4-A173-8C597C3496EB}.Release|Any CPU.Build.0 = Release|Any CPU
		{A41D4CB8-802C-4632-B618-2F2FD822521A}.Debug|Any CPU.ActiveCfg = Debug|Any CPU
		{A41D4CB8-802C-4632-B618-2F2FD822521A}.Debug|Any CPU.Build.0 = Debug|Any CPU
		{A41D4CB8-802C-4632-B618-2F2FD822521A}.Release|Any CPU.ActiveCfg = Release|Any CPU
		{A41D4CB8-802C-4632-B618-2F2FD822521A}.Release|Any CPU.Build.0 = Release|Any CPU
		{B35789BA-5B44-4C70-86C2-5D2DEDFC59F1}.Debug|Any CPU.ActiveCfg = Debug|Any CPU
		{B35789BA-5B44-4C70-86C2-5D2DEDFC59F1}.Debug|Any CPU.Build.0 = Debug|Any CPU
		{B35789BA-5B44-4C70-86C2-5D2DEDFC59F1}.Release|Any CPU.ActiveCfg = Release|Any CPU
		{B35789BA-5B44-4C70-86C2-5D2DEDFC59F1}.Release|Any CPU.Build.0 = Release|Any CPU
		{71260F15-484F-496D-A684-2701CD289A87}.Debug|Any CPU.ActiveCfg = Debug|Any CPU
		{71260F15-484F-496D-A684-2701CD289A87}.Debug|Any CPU.Build.0 = Debug|Any CPU
		{71260F15-484F-496D-A684-2701CD289A87}.Release|Any CPU.ActiveCfg = Release|Any CPU
		{71260F15-484F-496D-A684-2701CD289A87}.Release|Any CPU.Build.0 = Release|Any CPU
		{DC566302-DFD7-4A53-88E8-99141FB71ACE}.Debug|Any CPU.ActiveCfg = Debug|Any CPU
		{DC566302-DFD7-4A53-88E8-99141FB71ACE}.Debug|Any CPU.Build.0 = Debug|Any CPU
		{DC566302-DFD7-4A53-88E8-99141FB71ACE}.Release|Any CPU.ActiveCfg = Release|Any CPU
		{DC566302-DFD7-4A53-88E8-99141FB71ACE}.Release|Any CPU.Build.0 = Release|Any CPU
	EndGlobalSection
	GlobalSection(SolutionProperties) = preSolution
		HideSolutionNode = FALSE
	EndGlobalSection
	GlobalSection(NestedProjects) = preSolution
		{29EF5427-405A-409B-B8D6-33DEF665CB72} = {3F6B3EE5-36EA-48D1-BC29-BF7DE031BECC}
		{83C7F154-9975-415D-8E9F-96F17AAC99DE} = {C038346F-8B35-4837-9AB8-2F65B49B7205}
		{D04D892B-75B6-45F1-BB61-FAA85172F0D3} = {C038346F-8B35-4837-9AB8-2F65B49B7205}
		{0CEB0E25-E91A-4BD2-A4F7-FA7C2E96E635} = {C038346F-8B35-4837-9AB8-2F65B49B7205}
		{59C82578-43DE-4A99-A4AA-C5617D0639FF} = {E422C2D7-DFE3-4C74-95E2-D82CE029A2ED}
		{E1780A61-F063-4A35-8EDA-F6FB3F3F6C80} = {53914529-85EC-4AE0-AC11-85DE5CA8211D}
		{F8690288-86AE-4786-892E-EA4337255DA5} = {E1780A61-F063-4A35-8EDA-F6FB3F3F6C80}
		{5A3108BB-BF83-48F4-A173-8C597C3496EB} = {E1780A61-F063-4A35-8EDA-F6FB3F3F6C80}
		{A41D4CB8-802C-4632-B618-2F2FD822521A} = {E1780A61-F063-4A35-8EDA-F6FB3F3F6C80}
		{B35789BA-5B44-4C70-86C2-5D2DEDFC59F1} = {3F6B3EE5-36EA-48D1-BC29-BF7DE031BECC}
		{71260F15-484F-496D-A684-2701CD289A87} = {3F6B3EE5-36EA-48D1-BC29-BF7DE031BECC}
		{DC566302-DFD7-4A53-88E8-99141FB71ACE} = {3F6B3EE5-36EA-48D1-BC29-BF7DE031BECC}
	EndGlobalSection
	GlobalSection(ExtensibilityGlobals) = postSolution
		SolutionGuid = {F396B85B-5555-48DD-B9D7-4A538DB5E07A}
	EndGlobalSection
EndGlobal
